// !$*UTF8*$!
{
	archiveVersion = 1;
	classes = {
	};
	objectVersion = 55;
	objects = {

/* Begin PBXBuildFile section */
		6872EAAC2857C4FB00F403BB /* DevDreamApp.swift in Sources */ = {isa = PBXBuildFile; fileRef = 6872EAAB2857C4FB00F403BB /* DevDreamApp.swift */; };
		6872EAAE2857C4FB00F403BB /* MainView.swift in Sources */ = {isa = PBXBuildFile; fileRef = 6872EAAD2857C4FB00F403BB /* MainView.swift */; };
		6872EAB02857C4FF00F403BB /* Assets.xcassets in Resources */ = {isa = PBXBuildFile; fileRef = 6872EAAF2857C4FF00F403BB /* Assets.xcassets */; };
		6872EAB32857C4FF00F403BB /* Preview Assets.xcassets in Resources */ = {isa = PBXBuildFile; fileRef = 6872EAB22857C4FF00F403BB /* Preview Assets.xcassets */; };
		6872EABB2857C5AA00F403BB /* Base64View.swift in Sources */ = {isa = PBXBuildFile; fileRef = 6872EABA2857C5AA00F403BB /* Base64View.swift */; };
		6872EABF2857CC1100F403BB /* HashView.swift in Sources */ = {isa = PBXBuildFile; fileRef = 6872EABE2857CC1100F403BB /* HashView.swift */; };
		6872EAC12857D18000F403BB /* CopyPasteButton.swift in Sources */ = {isa = PBXBuildFile; fileRef = 6872EAC02857D18000F403BB /* CopyPasteButton.swift */; };
		68E3A718286B66C100C7491E /* ImageConverterView.swift in Sources */ = {isa = PBXBuildFile; fileRef = 68E3A717286B66C100C7491E /* ImageConverterView.swift */; };
/* End PBXBuildFile section */

/* Begin PBXFileReference section */
		6872EAA82857C4FB00F403BB /* DevDream.app */ = {isa = PBXFileReference; explicitFileType = wrapper.application; includeInIndex = 0; path = DevDream.app; sourceTree = BUILT_PRODUCTS_DIR; };
		6872EAAB2857C4FB00F403BB /* DevDreamApp.swift */ = {isa = PBXFileReference; lastKnownFileType = sourcecode.swift; path = DevDreamApp.swift; sourceTree = "<group>"; };
		6872EAAD2857C4FB00F403BB /* MainView.swift */ = {isa = PBXFileReference; lastKnownFileType = sourcecode.swift; path = MainView.swift; sourceTree = "<group>"; };
		6872EAAF2857C4FF00F403BB /* Assets.xcassets */ = {isa = PBXFileReference; lastKnownFileType = folder.assetcatalog; path = Assets.xcassets; sourceTree = "<group>"; };
		6872EAB22857C4FF00F403BB /* Preview Assets.xcassets */ = {isa = PBXFileReference; lastKnownFileType = folder.assetcatalog; path = "Preview Assets.xcassets"; sourceTree = "<group>"; };
		6872EAB42857C4FF00F403BB /* DevDream.entitlements */ = {isa = PBXFileReference; lastKnownFileType = text.plist.entitlements; path = DevDream.entitlements; sourceTree = "<group>"; };
		6872EABA2857C5AA00F403BB /* Base64View.swift */ = {isa = PBXFileReference; lastKnownFileType = sourcecode.swift; path = Base64View.swift; sourceTree = "<group>"; };
		6872EABE2857CC1100F403BB /* HashView.swift */ = {isa = PBXFileReference; lastKnownFileType = sourcecode.swift; path = HashView.swift; sourceTree = "<group>"; };
		6872EAC02857D18000F403BB /* CopyPasteButton.swift */ = {isa = PBXFileReference; lastKnownFileType = sourcecode.swift; path = CopyPasteButton.swift; sourceTree = "<group>"; };
		6872EAC22857D58800F403BB /* README.md */ = {isa = PBXFileReference; lastKnownFileType = net.daringfireball.markdown; path = README.md; sourceTree = "<group>"; xcLanguageSpecificationIdentifier = xcode.lang.markdown; };
		68E3A717286B66C100C7491E /* ImageConverterView.swift */ = {isa = PBXFileReference; lastKnownFileType = sourcecode.swift; path = ImageConverterView.swift; sourceTree = "<group>"; };
/* End PBXFileReference section */

/* Begin PBXFrameworksBuildPhase section */
		6872EAA52857C4FB00F403BB /* Frameworks */ = {
			isa = PBXFrameworksBuildPhase;
			buildActionMask = 2147483647;
			files = (
			);
			runOnlyForDeploymentPostprocessing = 0;
		};
/* End PBXFrameworksBuildPhase section */

/* Begin PBXGroup section */
		6872EA9F2857C4FB00F403BB = {
			isa = PBXGroup;
			children = (
				6872EAC22857D58800F403BB /* README.md */,
				6872EAAA2857C4FB00F403BB /* DevDream */,
				6872EAA92857C4FB00F403BB /* Products */,
			);
			sourceTree = "<group>";
		};
		6872EAA92857C4FB00F403BB /* Products */ = {
			isa = PBXGroup;
			children = (
				6872EAA82857C4FB00F403BB /* DevDream.app */,
			);
			name = Products;
			sourceTree = "<group>";
		};
		6872EAAA2857C4FB00F403BB /* DevDream */ = {
			isa = PBXGroup;
			children = (
				6872EAAB2857C4FB00F403BB /* DevDreamApp.swift */,
				6872EAAD2857C4FB00F403BB /* MainView.swift */,
				68E3A717286B66C100C7491E /* ImageConverterView.swift */,
				6872EABA2857C5AA00F403BB /* Base64View.swift */,
				6872EABE2857CC1100F403BB /* HashView.swift */,
				6872EAC02857D18000F403BB /* CopyPasteButton.swift */,
				6872EAAF2857C4FF00F403BB /* Assets.xcassets */,
				6872EAB42857C4FF00F403BB /* DevDream.entitlements */,
				6872EAB12857C4FF00F403BB /* Preview Content */,
			);
			path = DevDream;
			sourceTree = "<group>";
		};
		6872EAB12857C4FF00F403BB /* Preview Content */ = {
			isa = PBXGroup;
			children = (
				6872EAB22857C4FF00F403BB /* Preview Assets.xcassets */,
			);
			path = "Preview Content";
			sourceTree = "<group>";
		};
/* End PBXGroup section */

/* Begin PBXNativeTarget section */
		6872EAA72857C4FB00F403BB /* DevDream */ = {
			isa = PBXNativeTarget;
			buildConfigurationList = 6872EAB72857C4FF00F403BB /* Build configuration list for PBXNativeTarget "DevDream" */;
			buildPhases = (
				6872EAA42857C4FB00F403BB /* Sources */,
				6872EAA52857C4FB00F403BB /* Frameworks */,
				6872EAA62857C4FB00F403BB /* Resources */,
			);
			buildRules = (
			);
			dependencies = (
			);
			name = DevDream;
			productName = DevDream;
			productReference = 6872EAA82857C4FB00F403BB /* DevDream.app */;
			productType = "com.apple.product-type.application";
		};
/* End PBXNativeTarget section */

/* Begin PBXProject section */
		6872EAA02857C4FB00F403BB /* Project object */ = {
			isa = PBXProject;
			attributes = {
				BuildIndependentTargetsInParallel = 1;
				LastSwiftUpdateCheck = 1340;
				LastUpgradeCheck = 1340;
				TargetAttributes = {
					6872EAA72857C4FB00F403BB = {
						CreatedOnToolsVersion = 13.4.1;
					};
				};
			};
			buildConfigurationList = 6872EAA32857C4FB00F403BB /* Build configuration list for PBXProject "DevDream" */;
			compatibilityVersion = "Xcode 13.0";
			developmentRegion = en;
			hasScannedForEncodings = 0;
			knownRegions = (
				en,
				Base,
			);
			mainGroup = 6872EA9F2857C4FB00F403BB;
			productRefGroup = 6872EAA92857C4FB00F403BB /* Products */;
			projectDirPath = "";
			projectRoot = "";
			targets = (
				6872EAA72857C4FB00F403BB /* DevDream */,
			);
		};
/* End PBXProject section */

/* Begin PBXResourcesBuildPhase section */
		6872EAA62857C4FB00F403BB /* Resources */ = {
			isa = PBXResourcesBuildPhase;
			buildActionMask = 2147483647;
			files = (
				6872EAB32857C4FF00F403BB /* Preview Assets.xcassets in Resources */,
				6872EAB02857C4FF00F403BB /* Assets.xcassets in Resources */,
			);
			runOnlyForDeploymentPostprocessing = 0;
		};
/* End PBXResourcesBuildPhase section */

/* Begin PBXSourcesBuildPhase section */
		6872EAA42857C4FB00F403BB /* Sources */ = {
			isa = PBXSourcesBuildPhase;
			buildActionMask = 2147483647;
			files = (
				6872EABF2857CC1100F403BB /* HashView.swift in Sources */,
				6872EAAE2857C4FB00F403BB /* MainView.swift in Sources */,
				6872EAC12857D18000F403BB /* CopyPasteButton.swift in Sources */,
				68E3A718286B66C100C7491E /* ImageConverterView.swift in Sources */,
				6872EABB2857C5AA00F403BB /* Base64View.swift in Sources */,
				6872EAAC2857C4FB00F403BB /* DevDreamApp.swift in Sources */,
			);
			runOnlyForDeploymentPostprocessing = 0;
		};
/* End PBXSourcesBuildPhase section */

/* Begin XCBuildConfiguration section */
		6872EAB52857C4FF00F403BB /* Debug */ = {
			isa = XCBuildConfiguration;
			buildSettings = {
				ALWAYS_SEARCH_USER_PATHS = NO;
				CLANG_ANALYZER_NONNULL = YES;
				CLANG_ANALYZER_NUMBER_OBJECT_CONVERSION = YES_AGGRESSIVE;
				CLANG_CXX_LANGUAGE_STANDARD = "gnu++17";
				CLANG_ENABLE_MODULES = YES;
				CLANG_ENABLE_OBJC_ARC = YES;
				CLANG_ENABLE_OBJC_WEAK = YES;
				CLANG_WARN_BLOCK_CAPTURE_AUTORELEASING = YES;
				CLANG_WARN_BOOL_CONVERSION = YES;
				CLANG_WARN_COMMA = YES;
				CLANG_WARN_CONSTANT_CONVERSION = YES;
				CLANG_WARN_DEPRECATED_OBJC_IMPLEMENTATIONS = YES;
				CLANG_WARN_DIRECT_OBJC_ISA_USAGE = YES_ERROR;
				CLANG_WARN_DOCUMENTATION_COMMENTS = YES;
				CLANG_WARN_EMPTY_BODY = YES;
				CLANG_WARN_ENUM_CONVERSION = YES;
				CLANG_WARN_INFINITE_RECURSION = YES;
				CLANG_WARN_INT_CONVERSION = YES;
				CLANG_WARN_NON_LITERAL_NULL_CONVERSION = YES;
				CLANG_WARN_OBJC_IMPLICIT_RETAIN_SELF = YES;
				CLANG_WARN_OBJC_LITERAL_CONVERSION = YES;
				CLANG_WARN_OBJC_ROOT_CLASS = YES_ERROR;
				CLANG_WARN_QUOTED_INCLUDE_IN_FRAMEWORK_HEADER = YES;
				CLANG_WARN_RANGE_LOOP_ANALYSIS = YES;
				CLANG_WARN_STRICT_PROTOTYPES = YES;
				CLANG_WARN_SUSPICIOUS_MOVE = YES;
				CLANG_WARN_UNGUARDED_AVAILABILITY = YES_AGGRESSIVE;
				CLANG_WARN_UNREACHABLE_CODE = YES;
				CLANG_WARN__DUPLICATE_METHOD_MATCH = YES;
				COPY_PHASE_STRIP = NO;
				DEBUG_INFORMATION_FORMAT = dwarf;
				ENABLE_STRICT_OBJC_MSGSEND = YES;
				ENABLE_TESTABILITY = YES;
				GCC_C_LANGUAGE_STANDARD = gnu11;
				GCC_DYNAMIC_NO_PIC = NO;
				GCC_NO_COMMON_BLOCKS = YES;
				GCC_OPTIMIZATION_LEVEL = 0;
				GCC_PREPROCESSOR_DEFINITIONS = (
					"DEBUG=1",
					"$(inherited)",
				);
				GCC_WARN_64_TO_32_BIT_CONVERSION = YES;
				GCC_WARN_ABOUT_RETURN_TYPE = YES_ERROR;
				GCC_WARN_UNDECLARED_SELECTOR = YES;
				GCC_WARN_UNINITIALIZED_AUTOS = YES_AGGRESSIVE;
				GCC_WARN_UNUSED_FUNCTION = YES;
				GCC_WARN_UNUSED_VARIABLE = YES;
				MACOSX_DEPLOYMENT_TARGET = 12.3;
				MTL_ENABLE_DEBUG_INFO = INCLUDE_SOURCE;
				MTL_FAST_MATH = YES;
				ONLY_ACTIVE_ARCH = YES;
				SDKROOT = macosx;
				SWIFT_ACTIVE_COMPILATION_CONDITIONS = DEBUG;
				SWIFT_OPTIMIZATION_LEVEL = "-Onone";
			};
			name = Debug;
		};
		6872EAB62857C4FF00F403BB /* Release */ = {
			isa = XCBuildConfiguration;
			buildSettings = {
				ALWAYS_SEARCH_USER_PATHS = NO;
				CLANG_ANALYZER_NONNULL = YES;
				CLANG_ANALYZER_NUMBER_OBJECT_CONVERSION = YES_AGGRESSIVE;
				CLANG_CXX_LANGUAGE_STANDARD = "gnu++17";
				CLANG_ENABLE_MODULES = YES;
				CLANG_ENABLE_OBJC_ARC = YES;
				CLANG_ENABLE_OBJC_WEAK = YES;
				CLANG_WARN_BLOCK_CAPTURE_AUTORELEASING = YES;
				CLANG_WARN_BOOL_CONVERSION = YES;
				CLANG_WARN_COMMA = YES;
				CLANG_WARN_CONSTANT_CONVERSION = YES;
				CLANG_WARN_DEPRECATED_OBJC_IMPLEMENTATIONS = YES;
				CLANG_WARN_DIRECT_OBJC_ISA_USAGE = YES_ERROR;
				CLANG_WARN_DOCUMENTATION_COMMENTS = YES;
				CLANG_WARN_EMPTY_BODY = YES;
				CLANG_WARN_ENUM_CONVERSION = YES;
				CLANG_WARN_INFINITE_RECURSION = YES;
				CLANG_WARN_INT_CONVERSION = YES;
				CLANG_WARN_NON_LITERAL_NULL_CONVERSION = YES;
				CLANG_WARN_OBJC_IMPLICIT_RETAIN_SELF = YES;
				CLANG_WARN_OBJC_LITERAL_CONVERSION = YES;
				CLANG_WARN_OBJC_ROOT_CLASS = YES_ERROR;
				CLANG_WARN_QUOTED_INCLUDE_IN_FRAMEWORK_HEADER = YES;
				CLANG_WARN_RANGE_LOOP_ANALYSIS = YES;
				CLANG_WARN_STRICT_PROTOTYPES = YES;
				CLANG_WARN_SUSPICIOUS_MOVE = YES;
				CLANG_WARN_UNGUARDED_AVAILABILITY = YES_AGGRESSIVE;
				CLANG_WARN_UNREACHABLE_CODE = YES;
				CLANG_WARN__DUPLICATE_METHOD_MATCH = YES;
				COPY_PHASE_STRIP = NO;
				DEBUG_INFORMATION_FORMAT = "dwarf-with-dsym";
				ENABLE_NS_ASSERTIONS = NO;
				ENABLE_STRICT_OBJC_MSGSEND = YES;
				GCC_C_LANGUAGE_STANDARD = gnu11;
				GCC_NO_COMMON_BLOCKS = YES;
				GCC_WARN_64_TO_32_BIT_CONVERSION = YES;
				GCC_WARN_ABOUT_RETURN_TYPE = YES_ERROR;
				GCC_WARN_UNDECLARED_SELECTOR = YES;
				GCC_WARN_UNINITIALIZED_AUTOS = YES_AGGRESSIVE;
				GCC_WARN_UNUSED_FUNCTION = YES;
				GCC_WARN_UNUSED_VARIABLE = YES;
				MACOSX_DEPLOYMENT_TARGET = 12.3;
				MTL_ENABLE_DEBUG_INFO = NO;
				MTL_FAST_MATH = YES;
				SDKROOT = macosx;
				SWIFT_COMPILATION_MODE = wholemodule;
				SWIFT_OPTIMIZATION_LEVEL = "-O";
			};
			name = Release;
		};
		6872EAB82857C4FF00F403BB /* Debug */ = {
			isa = XCBuildConfiguration;
			buildSettings = {
				ASSETCATALOG_COMPILER_APPICON_NAME = AppIcon;
				ASSETCATALOG_COMPILER_GLOBAL_ACCENT_COLOR_NAME = AccentColor;
				CODE_SIGN_ENTITLEMENTS = DevDream/DevDream.entitlements;
				CODE_SIGN_STYLE = Automatic;
				COMBINE_HIDPI_IMAGES = YES;
				CURRENT_PROJECT_VERSION = 1;
				DEVELOPMENT_ASSET_PATHS = "\"DevDream/Preview Content\"";
				DEVELOPMENT_TEAM = MSLMX3GVA4;
				ENABLE_HARDENED_RUNTIME = YES;
				ENABLE_PREVIEWS = YES;
				GENERATE_INFOPLIST_FILE = YES;
				INFOPLIST_KEY_NSHumanReadableCopyright = "";
				LD_RUNPATH_SEARCH_PATHS = (
					"$(inherited)",
					"@executable_path/../Frameworks",
				);
				MARKETING_VERSION = 1.0;
				PRODUCT_BUNDLE_IDENTIFIER = smattar2020.DevDream;
				PRODUCT_NAME = "$(TARGET_NAME)";
				SWIFT_EMIT_LOC_STRINGS = YES;
				SWIFT_VERSION = 5.0;
			};
			name = Debug;
		};
		6872EAB92857C4FF00F403BB /* Release */ = {
			isa = XCBuildConfiguration;
			buildSettings = {
				ASSETCATALOG_COMPILER_APPICON_NAME = AppIcon;
				ASSETCATALOG_COMPILER_GLOBAL_ACCENT_COLOR_NAME = AccentColor;
				CODE_SIGN_ENTITLEMENTS = DevDream/DevDream.entitlements;
				CODE_SIGN_STYLE = Automatic;
				COMBINE_HIDPI_IMAGES = YES;
				CURRENT_PROJECT_VERSION = 1;
				DEVELOPMENT_ASSET_PATHS = "\"DevDream/Preview Content\"";
				DEVELOPMENT_TEAM = MSLMX3GVA4;
				ENABLE_HARDENED_RUNTIME = YES;
				ENABLE_PREVIEWS = YES;
				GENERATE_INFOPLIST_FILE = YES;
				INFOPLIST_KEY_NSHumanReadableCopyright = "";
				LD_RUNPATH_SEARCH_PATHS = (
					"$(inherited)",
					"@executable_path/../Frameworks",
				);
				MARKETING_VERSION = 1.0;
				PRODUCT_BUNDLE_IDENTIFIER = smattar2020.DevDream;
				PRODUCT_NAME = "$(TARGET_NAME)";
				SWIFT_EMIT_LOC_STRINGS = YES;
				SWIFT_VERSION = 5.0;
			};
			name = Release;
		};
/* End XCBuildConfiguration section */

/* Begin XCConfigurationList section */
		6872EAA32857C4FB00F403BB /* Build configuration list for PBXProject "DevDream" */ = {
			isa = XCConfigurationList;
			buildConfigurations = (
				6872EAB52857C4FF00F403BB /* Debug */,
				6872EAB62857C4FF00F403BB /* Release */,
			);
			defaultConfigurationIsVisible = 0;
			defaultConfigurationName = Release;
		};
		6872EAB72857C4FF00F403BB /* Build configuration list for PBXNativeTarget "DevDream" */ = {
			isa = XCConfigurationList;
			buildConfigurations = (
				6872EAB82857C4FF00F403BB /* Debug */,
				6872EAB92857C4FF00F403BB /* Release */,
			);
			defaultConfigurationIsVisible = 0;
			defaultConfigurationName = Release;
		};
/* End XCConfigurationList section */
	};
	rootObject = 6872EAA02857C4FB00F403BB /* Project object */;
}
